// !$*UTF8*$!
{
	archiveVersion = 1;
	classes = {
	};
	objectVersion = 50;
	objects = {

/* Begin PBXBuildFile section */
		54C4B3F7262F99E300279B30 /* AppDelegate.swift in Sources */ = {isa = PBXBuildFile; fileRef = 54C4B3F6262F99E300279B30 /* AppDelegate.swift */; };
		54C4B3F9262F99E300279B30 /* SceneDelegate.swift in Sources */ = {isa = PBXBuildFile; fileRef = 54C4B3F8262F99E300279B30 /* SceneDelegate.swift */; };
		54C4B3FB262F99E300279B30 /* ViewController.swift in Sources */ = {isa = PBXBuildFile; fileRef = 54C4B3FA262F99E300279B30 /* ViewController.swift */; };
		54C4B3FE262F99E300279B30 /* Main.storyboard in Resources */ = {isa = PBXBuildFile; fileRef = 54C4B3FC262F99E300279B30 /* Main.storyboard */; };
		54C4B400262F99E500279B30 /* Assets.xcassets in Resources */ = {isa = PBXBuildFile; fileRef = 54C4B3FF262F99E500279B30 /* Assets.xcassets */; };
		54C4B403262F99E500279B30 /* LaunchScreen.storyboard in Resources */ = {isa = PBXBuildFile; fileRef = 54C4B401262F99E500279B30 /* LaunchScreen.storyboard */; };
		54C4B413262F99FA00279B30 /* Feature.framework in Frameworks */ = {isa = PBXBuildFile; fileRef = 54C4B412262F99FA00279B30 /* Feature.framework */; };
		54C4B414262F99FA00279B30 /* Feature.framework in Embed Frameworks */ = {isa = PBXBuildFile; fileRef = 54C4B412262F99FA00279B30 /* Feature.framework */; settings = {ATTRIBUTES = (CodeSignOnCopy, RemoveHeadersOnCopy, ); }; };
/* End PBXBuildFile section */

/* Begin PBXCopyFilesBuildPhase section */
		54C4B415262F99FA00279B30 /* Embed Frameworks */ = {
			isa = PBXCopyFilesBuildPhase;
			buildActionMask = 2147483647;
			dstPath = "";
			dstSubfolderSpec = 10;
			files = (
				54C4B414262F99FA00279B30 /* Feature.framework in Embed Frameworks */,
			);
			name = "Embed Frameworks";
			runOnlyForDeploymentPostprocessing = 0;
		};
/* End PBXCopyFilesBuildPhase section */

/* Begin PBXFileReference section */
		54C4B3F3262F99E300279B30 /* feature_Example.app */ = {isa = PBXFileReference; explicitFileType = wrapper.application; includeInIndex = 0; path = feature_Example.app; sourceTree = BUILT_PRODUCTS_DIR; };
		54C4B3F6262F99E300279B30 /* AppDelegate.swift */ = {isa = PBXFileReference; lastKnownFileType = sourcecode.swift; path = AppDelegate.swift; sourceTree = "<group>"; };
		54C4B3F8262F99E300279B30 /* SceneDelegate.swift */ = {isa = PBXFileReference; lastKnownFileType = sourcecode.swift; path = SceneDelegate.swift; sourceTree = "<group>"; };
		54C4B3FA262F99E300279B30 /* ViewController.swift */ = {isa = PBXFileReference; lastKnownFileType = sourcecode.swift; path = ViewController.swift; sourceTree = "<group>"; };
		54C4B3FD262F99E300279B30 /* Base */ = {isa = PBXFileReference; lastKnownFileType = file.storyboard; name = Base; path = Base.lproj/Main.storyboard; sourceTree = "<group>"; };
		54C4B3FF262F99E500279B30 /* Assets.xcassets */ = {isa = PBXFileReference; lastKnownFileType = folder.assetcatalog; path = Assets.xcassets; sourceTree = "<group>"; };
		54C4B402262F99E500279B30 /* Base */ = {isa = PBXFileReference; lastKnownFileType = file.storyboard; name = Base; path = Base.lproj/LaunchScreen.storyboard; sourceTree = "<group>"; };
		54C4B404262F99E500279B30 /* Info.plist */ = {isa = PBXFileReference; lastKnownFileType = text.plist.xml; path = Info.plist; sourceTree = "<group>"; };
		54C4B412262F99FA00279B30 /* Feature.framework */ = {isa = PBXFileReference; explicitFileType = wrapper.framework; path = Feature.framework; sourceTree = BUILT_PRODUCTS_DIR; };
/* End PBXFileReference section */

/* Begin PBXFrameworksBuildPhase section */
		54C4B3F0262F99E300279B30 /* Frameworks */ = {
			isa = PBXFrameworksBuildPhase;
			buildActionMask = 2147483647;
			files = (
				54C4B413262F99FA00279B30 /* Feature.framework in Frameworks */,
			);
			runOnlyForDeploymentPostprocessing = 0;
		};
/* End PBXFrameworksBuildPhase section */

/* Begin PBXGroup section */
		54C4B3EA262F99E300279B30 = {
			isa = PBXGroup;
			children = (
				54C4B3F5262F99E300279B30 /* feature_Example */,
				54C4B3F4262F99E300279B30 /* Products */,
				54C4B411262F99FA00279B30 /* Frameworks */,
			);
			sourceTree = "<group>";
		};
		54C4B3F4262F99E300279B30 /* Products */ = {
			isa = PBXGroup;
			children = (
				54C4B3F3262F99E300279B30 /* feature_Example.app */,
			);
			name = Products;
			sourceTree = "<group>";
		};
		54C4B3F5262F99E300279B30 /* feature_Example */ = {
			isa = PBXGroup;
			children = (
				54C4B3F6262F99E300279B30 /* AppDelegate.swift */,
				54C4B3F8262F99E300279B30 /* SceneDelegate.swift */,
				54C4B3FA262F99E300279B30 /* ViewController.swift */,
				54C4B3FC262F99E300279B30 /* Main.storyboard */,
				54C4B3FF262F99E500279B30 /* Assets.xcassets */,
				54C4B401262F99E500279B30 /* LaunchScreen.storyboard */,
				54C4B404262F99E500279B30 /* Info.plist */,
			);
			path = feature_Example;
			sourceTree = "<group>";
		};
		54C4B411262F99FA00279B30 /* Frameworks */ = {
			isa = PBXGroup;
			children = (
				54C4B412262F99FA00279B30 /* Feature.framework */,
			);
			name = Frameworks;
			sourceTree = "<group>";
		};
/* End PBXGroup section */

/* Begin PBXNativeTarget section */
		54C4B3F2262F99E300279B30 /* feature_Example */ = {
			isa = PBXNativeTarget;
			buildConfigurationList = 54C4B407262F99E500279B30 /* Build configuration list for PBXNativeTarget "feature_Example" */;
			buildPhases = (
				54C4B3EF262F99E300279B30 /* Sources */,
				54C4B3F0262F99E300279B30 /* Frameworks */,
				54C4B3F1262F99E300279B30 /* Resources */,
				54C4B415262F99FA00279B30 /* Embed Frameworks */,
			);
			buildRules = (
			);
			dependencies = (
			);
			name = feature_Example;
			productName = feature_Example;
			productReference = 54C4B3F3262F99E300279B30 /* feature_Example.app */;
			productType = "com.apple.product-type.application";
		};
/* End PBXNativeTarget section */

/* Begin PBXProject section */
		54C4B3EB262F99E300279B30 /* Project object */ = {
			isa = PBXProject;
			attributes = {
				LastSwiftUpdateCheck = 1240;
				LastUpgradeCheck = 1240;
				TargetAttributes = {
					54C4B3F2262F99E300279B30 = {
						CreatedOnToolsVersion = 12.4;
					};
				};
			};
			buildConfigurationList = 54C4B3EE262F99E300279B30 /* Build configuration list for PBXProject "feature_Example" */;
			compatibilityVersion = "Xcode 9.3";
			developmentRegion = en;
			hasScannedForEncodings = 0;
			knownRegions = (
				en,
				Base,
			);
			mainGroup = 54C4B3EA262F99E300279B30;
			productRefGroup = 54C4B3F4262F99E300279B30 /* Products */;
			projectDirPath = "";
			projectRoot = "";
			targets = (
				54C4B3F2262F99E300279B30 /* feature_Example */,
			);
		};
/* End PBXProject section */

/* Begin PBXResourcesBuildPhase section */
		54C4B3F1262F99E300279B30 /* Resources */ = {
			isa = PBXResourcesBuildPhase;
			buildActionMask = 2147483647;
			files = (
				54C4B403262F99E500279B30 /* LaunchScreen.storyboard in Resources */,
				54C4B400262F99E500279B30 /* Assets.xcassets in Resources */,
				54C4B3FE262F99E300279B30 /* Main.storyboard in Resources */,
			);
			runOnlyForDeploymentPostprocessing = 0;
		};
/* End PBXResourcesBuildPhase section */

/* Begin PBXSourcesBuildPhase section */
		54C4B3EF262F99E300279B30 /* Sources */ = {
			isa = PBXSourcesBuildPhase;
			buildActionMask = 2147483647;
			files = (
				54C4B3FB262F99E300279B30 /* ViewController.swift in Sources */,
				54C4B3F7262F99E300279B30 /* AppDelegate.swift in Sources */,
				54C4B3F9262F99E300279B30 /* SceneDelegate.swift in Sources */,
			);
			runOnlyForDeploymentPostprocessing = 0;
		};
/* End PBXSourcesBuildPhase section */

/* Begin PBXVariantGroup section */
		54C4B3FC262F99E300279B30 /* Main.storyboard */ = {
			isa = PBXVariantGroup;
			children = (
				54C4B3FD262F99E300279B30 /* Base */,
			);
			name = Main.storyboard;
			sourceTree = "<group>";
		};
		54C4B401262F99E500279B30 /* LaunchScreen.storyboard */ = {
			isa = PBXVariantGroup;
			children = (
				54C4B402262F99E500279B30 /* Base */,
			);
			name = LaunchScreen.storyboard;
			sourceTree = "<group>";
		};
/* End PBXVariantGroup section */

/* Begin XCBuildConfiguration section */
		54C4B405262F99E500279B30 /* Debug */ = {
			isa = XCBuildConfiguration;
			buildSettings = {
				ALWAYS_SEARCH_USER_PATHS = NO;
				CLANG_ANALYZER_NONNULL = YES;
				CLANG_ANALYZER_NUMBER_OBJECT_CONVERSION = YES_AGGRESSIVE;
				CLANG_CXX_LANGUAGE_STANDARD = "gnu++14";
				CLANG_CXX_LIBRARY = "libc++";
				CLANG_ENABLE_MODULES = YES;
				CLANG_ENABLE_OBJC_ARC = YES;
				CLANG_ENABLE_OBJC_WEAK = YES;
				CLANG_WARN_BLOCK_CAPTURE_AUTORELEASING = YES;
				CLANG_WARN_BOOL_CONVERSION = YES;
				CLANG_WARN_COMMA = YES;
				CLANG_WARN_CONSTANT_CONVERSION = YES;
				CLANG_WARN_DEPRECATED_OBJC_IMPLEMENTATIONS = YES;
				CLANG_WARN_DIRECT_OBJC_ISA_USAGE = YES_ERROR;
				CLANG_WARN_DOCUMENTATION_COMMENTS = YES;
				CLANG_WARN_EMPTY_BODY = YES;
				CLANG_WARN_ENUM_CONVERSION = YES;
				CLANG_WARN_INFINITE_RECURSION = YES;
				CLANG_WARN_INT_CONVERSION = YES;
				CLANG_WARN_NON_LITERAL_NULL_CONVERSION = YES;
				CLANG_WARN_OBJC_IMPLICIT_RETAIN_SELF = YES;
				CLANG_WARN_OBJC_LITERAL_CONVERSION = YES;
				CLANG_WARN_OBJC_ROOT_CLASS = YES_ERROR;
				CLANG_WARN_QUOTED_INCLUDE_IN_FRAMEWORK_HEADER = YES;
				CLANG_WARN_RANGE_LOOP_ANALYSIS = YES;
				CLANG_WARN_STRICT_PROTOTYPES = YES;
				CLANG_WARN_SUSPICIOUS_MOVE = YES;
				CLANG_WARN_UNGUARDED_AVAILABILITY = YES_AGGRESSIVE;
				CLANG_WARN_UNREACHABLE_CODE = YES;
				CLANG_WARN__DUPLICATE_METHOD_MATCH = YES;
				COPY_PHASE_STRIP = NO;
				DEBUG_INFORMATION_FORMAT = dwarf;
				ENABLE_STRICT_OBJC_MSGSEND = YES;
				ENABLE_TESTABILITY = YES;
				GCC_C_LANGUAGE_STANDARD = gnu11;
				GCC_DYNAMIC_NO_PIC = NO;
				GCC_NO_COMMON_BLOCKS = YES;
				GCC_OPTIMIZATION_LEVEL = 0;
				GCC_PREPROCESSOR_DEFINITIONS = (
					"DEBUG=1",
					"$(inherited)",
				);
				GCC_WARN_64_TO_32_BIT_CONVERSION = YES;
				GCC_WARN_ABOUT_RETURN_TYPE = YES_ERROR;
				GCC_WARN_UNDECLARED_SELECTOR = YES;
				GCC_WARN_UNINITIALIZED_AUTOS = YES_AGGRESSIVE;
				GCC_WARN_UNUSED_FUNCTION = YES;
				GCC_WARN_UNUSED_VARIABLE = YES;
				IPHONEOS_DEPLOYMENT_TARGET = 14.4;
				MTL_ENABLE_DEBUG_INFO = INCLUDE_SOURCE;
				MTL_FAST_MATH = YES;
				ONLY_ACTIVE_ARCH = YES;
				SDKROOT = iphoneos;
				SWIFT_ACTIVE_COMPILATION_CONDITIONS = DEBUG;
				SWIFT_OPTIMIZATION_LEVEL = "-Onone";
			};
			name = Debug;
		};
		54C4B406262F99E500279B30 /* Release */ = {
			isa = XCBuildConfiguration;
			buildSettings = {
				ALWAYS_SEARCH_USER_PATHS = NO;
				CLANG_ANALYZER_NONNULL = YES;
				CLANG_ANALYZER_NUMBER_OBJECT_CONVERSION = YES_AGGRESSIVE;
				CLANG_CXX_LANGUAGE_STANDARD = "gnu++14";
				CLANG_CXX_LIBRARY = "libc++";
				CLANG_ENABLE_MODULES = YES;
				CLANG_ENABLE_OBJC_ARC = YES;
				CLANG_ENABLE_OBJC_WEAK = YES;
				CLANG_WARN_BLOCK_CAPTURE_AUTORELEASING = YES;
				CLANG_WARN_BOOL_CONVERSION = YES;
				CLANG_WARN_COMMA = YES;
				CLANG_WARN_CONSTANT_CONVERSION = YES;
				CLANG_WARN_DEPRECATED_OBJC_IMPLEMENTATIONS = YES;
				CLANG_WARN_DIRECT_OBJC_ISA_USAGE = YES_ERROR;
				CLANG_WARN_DOCUMENTATION_COMMENTS = YES;
				CLANG_WARN_EMPTY_BODY = YES;
				CLANG_WARN_ENUM_CONVERSION = YES;
				CLANG_WARN_INFINITE_RECURSION = YES;
				CLANG_WARN_INT_CONVERSION = YES;
				CLANG_WARN_NON_LITERAL_NULL_CONVERSION = YES;
				CLANG_WARN_OBJC_IMPLICIT_RETAIN_SELF = YES;
				CLANG_WARN_OBJC_LITERAL_CONVERSION = YES;
				CLANG_WARN_OBJC_ROOT_CLASS = YES_ERROR;
				CLANG_WARN_QUOTED_INCLUDE_IN_FRAMEWORK_HEADER = YES;
				CLANG_WARN_RANGE_LOOP_ANALYSIS = YES;
				CLANG_WARN_STRICT_PROTOTYPES = YES;
				CLANG_WARN_SUSPICIOUS_MOVE = YES;
				CLANG_WARN_UNGUARDED_AVAILABILITY = YES_AGGRESSIVE;
				CLANG_WARN_UNREACHABLE_CODE = YES;
				CLANG_WARN__DUPLICATE_METHOD_MATCH = YES;
				COPY_PHASE_STRIP = NO;
				DEBUG_INFORMATION_FORMAT = "dwarf-with-dsym";
				ENABLE_NS_ASSERTIONS = NO;
				ENABLE_STRICT_OBJC_MSGSEND = YES;
				GCC_C_LANGUAGE_STANDARD = gnu11;
				GCC_NO_COMMON_BLOCKS = YES;
				GCC_WARN_64_TO_32_BIT_CONVERSION = YES;
				GCC_WARN_ABOUT_RETURN_TYPE = YES_ERROR;
				GCC_WARN_UNDECLARED_SELECTOR = YES;
				GCC_WARN_UNINITIALIZED_AUTOS = YES_AGGRESSIVE;
				GCC_WARN_UNUSED_FUNCTION = YES;
				GCC_WARN_UNUSED_VARIABLE = YES;
				IPHONEOS_DEPLOYMENT_TARGET = 14.4;
				MTL_ENABLE_DEBUG_INFO = NO;
				MTL_FAST_MATH = YES;
				SDKROOT = iphoneos;
				SWIFT_COMPILATION_MODE = wholemodule;
				SWIFT_OPTIMIZATION_LEVEL = "-O";
				VALIDATE_PRODUCT = YES;
			};
			name = Release;
		};
		54C4B408262F99E500279B30 /* Debug */ = {
			isa = XCBuildConfiguration;
			buildSettings = {
				ASSETCATALOG_COMPILER_APPICON_NAME = AppIcon;
				ASSETCATALOG_COMPILER_GLOBAL_ACCENT_COLOR_NAME = AccentColor;
				CODE_SIGN_STYLE = Automatic;
				INFOPLIST_FILE = feature_Example/Info.plist;
				LD_RUNPATH_SEARCH_PATHS = (
					"$(inherited)",
					"@executable_path/Frameworks",
				);
				PRODUCT_BUNDLE_IDENTIFIER = "com..feature-Example";
				PRODUCT_NAME = "$(TARGET_NAME)";
				SWIFT_VERSION = 5.0;
				TARGETED_DEVICE_FAMILY = "1,2";
			};
			name = Debug;
		};
		54C4B409262F99E500279B30 /* Release */ = {
			isa = XCBuildConfiguration;
			buildSettings = {
				ASSETCATALOG_COMPILER_APPICON_NAME = AppIcon;
				ASSETCATALOG_COMPILER_GLOBAL_ACCENT_COLOR_NAME = AccentColor;
				CODE_SIGN_STYLE = Automatic;
				INFOPLIST_FILE = feature_Example/Info.plist;
				LD_RUNPATH_SEARCH_PATHS = (
					"$(inherited)",
					"@executable_path/Frameworks",
				);
				PRODUCT_BUNDLE_IDENTIFIER = "com..feature-Example";
				PRODUCT_NAME = "$(TARGET_NAME)";
				SWIFT_VERSION = 5.0;
				TARGETED_DEVICE_FAMILY = "1,2";
			};
			name = Release;
		};
/* End XCBuildConfiguration section */

/* Begin XCConfigurationList section */
		54C4B3EE262F99E300279B30 /* Build configuration list for PBXProject "feature_Example" */ = {
			isa = XCConfigurationList;
			buildConfigurations = (
				54C4B405262F99E500279B30 /* Debug */,
				54C4B406262F99E500279B30 /* Release */,
			);
			defaultConfigurationIsVisible = 0;
			defaultConfigurationName = Release;
		};
		54C4B407262F99E500279B30 /* Build configuration list for PBXNativeTarget "feature_Example" */ = {
			isa = XCConfigurationList;
			buildConfigurations = (
				54C4B408262F99E500279B30 /* Debug */,
				54C4B409262F99E500279B30 /* Release */,
			);
			defaultConfigurationIsVisible = 0;
			defaultConfigurationName = Release;
		};
/* End XCConfigurationList section */
	};
	rootObject = 54C4B3EB262F99E300279B30 /* Project object */;
}
